
Microsoft Visual Studio Solution File, Format Version 12.00
# Visual Studio Version 17
VisualStudioVersion = 17.4.33403.182
MinimumVisualStudioVersion = 10.0.40219.1
Project("{9A19103F-16F7-4668-BE54-9A1E7A4F7556}") = "EventSourcingCollaborativeDocs", "EventSourcingCollaborativeDocs\EventSourcingCollaborativeDocs.csproj", "{0B7608EC-63E5-441C-9B9B-4236B7FF2FA0}"
EndProject
Project("{FAE04EC0-301F-11D3-BF4B-00C04F79EFBC}") = "Tester", "Tester\Tester.csproj", "{73B6C6DF-0828-412A-973D-B41C3827AF51}"
EndProject
Global
	GlobalSection(SolutionConfigurationPlatforms) = preSolution
		Debug|Any CPU = Debug|Any CPU
		Release|Any CPU = Release|Any CPU
	EndGlobalSection
	GlobalSection(ProjectConfigurationPlatforms) = postSolution
		{0B7608EC-63E5-441C-9B9B-4236B7FF2FA0}.Debug|Any CPU.ActiveCfg = Debug|Any CPU
		{0B7608EC-63E5-441C-9B9B-4236B7FF2FA0}.Debug|Any CPU.Build.0 = Debug|Any CPU
		{0B7608EC-63E5-441C-9B9B-4236B7FF2FA0}.Release|Any CPU.ActiveCfg = Release|Any CPU
		{0B7608EC-63E5-441C-9B9B-4236B7FF2FA0}.Release|Any CPU.Build.0 = Release|Any CPU
		{73B6C6DF-0828-412A-973D-B41C3827AF51}.Debug|Any CPU.ActiveCfg = Debug|Any CPU
		{73B6C6DF-0828-412A-973D-B41C3827AF51}.Debug|Any CPU.Build.0 = Debug|Any CPU
		{73B6C6DF-0828-412A-973D-B41C3827AF51}.Release|Any CPU.ActiveCfg = Release|Any CPU
		{73B6C6DF-0828-412A-973D-B41C3827AF51}.Release|Any CPU.Build.0 = Release|Any CPU
	EndGlobalSection
	GlobalSection(SolutionProperties) = preSolution
		HideSolutionNode = FALSE
	EndGlobalSection
	GlobalSection(ExtensibilityGlobals) = postSolution
		SolutionGuid = {32BE271A-85EA-4BCA-85DE-C56681A6E6EA}
	EndGlobalSection
EndGlobal
